// !$*UTF8*$!
{
	archiveVersion = 1;
	classes = {
	};
	objectVersion = 46;
	objects = {

/* Begin PBXBuildFile section */
		EC7801511C47EB4900375AEE /* location.xcdatamodeld in Sources */ = {isa = PBXBuildFile; fileRef = EC78014F1C47EB4900375AEE /* location.xcdatamodeld */; };
		EC83B54C1C474DEF00FFB09B /* main.m in Sources */ = {isa = PBXBuildFile; fileRef = EC83B54B1C474DEF00FFB09B /* main.m */; };
		EC83B54F1C474DEF00FFB09B /* AppDelegate.m in Sources */ = {isa = PBXBuildFile; fileRef = EC83B54E1C474DEF00FFB09B /* AppDelegate.m */; };
		EC83B5521C474DEF00FFB09B /* SKLmainViewController.m in Sources */ = {isa = PBXBuildFile; fileRef = EC83B5511C474DEF00FFB09B /* SKLmainViewController.m */; };
		EC83B5551C474DEF00FFB09B /* Main.storyboard in Resources */ = {isa = PBXBuildFile; fileRef = EC83B5531C474DEF00FFB09B /* Main.storyboard */; };
		EC83B5571C474DEF00FFB09B /* Assets.xcassets in Resources */ = {isa = PBXBuildFile; fileRef = EC83B5561C474DEF00FFB09B /* Assets.xcassets */; };
		EC83B55A1C474DEF00FFB09B /* LaunchScreen.storyboard in Resources */ = {isa = PBXBuildFile; fileRef = EC83B5581C474DEF00FFB09B /* LaunchScreen.storyboard */; };
		ECD73C911C4DFFD0008AC3F9 /* Location+CoreDataProperties.m in Sources */ = {isa = PBXBuildFile; fileRef = ECD73C8E1C4DFFD0008AC3F9 /* Location+CoreDataProperties.m */; };
		ECD73C921C4DFFD0008AC3F9 /* Location.m in Sources */ = {isa = PBXBuildFile; fileRef = ECD73C901C4DFFD0008AC3F9 /* Location.m */; };
		ECD73C961C4E011F008AC3F9 /* SKLgetLocation.m in Sources */ = {isa = PBXBuildFile; fileRef = ECD73C951C4E011F008AC3F9 /* SKLgetLocation.m */; };
		ECD73C991C4E01C6008AC3F9 /* SKLtransformLocation.m in Sources */ = {isa = PBXBuildFile; fileRef = ECD73C981C4E01C6008AC3F9 /* SKLtransformLocation.m */; };
/* End PBXBuildFile section */

/* Begin PBXFileReference section */
		EC7801501C47EB4900375AEE /* location.xcdatamodel */ = {isa = PBXFileReference; lastKnownFileType = wrapper.xcdatamodel; path = location.xcdatamodel; sourceTree = "<group>"; };
		EC83B5471C474DEF00FFB09B /* locationManager.app */ = {isa = PBXFileReference; explicitFileType = wrapper.application; includeInIndex = 0; path = locationManager.app; sourceTree = BUILT_PRODUCTS_DIR; };
		EC83B54B1C474DEF00FFB09B /* main.m */ = {isa = PBXFileReference; lastKnownFileType = sourcecode.c.objc; path = main.m; sourceTree = "<group>"; };
		EC83B54D1C474DEF00FFB09B /* AppDelegate.h */ = {isa = PBXFileReference; lastKnownFileType = sourcecode.c.h; path = AppDelegate.h; sourceTree = "<group>"; };
		EC83B54E1C474DEF00FFB09B /* AppDelegate.m */ = {isa = PBXFileReference; lastKnownFileType = sourcecode.c.objc; path = AppDelegate.m; sourceTree = "<group>"; };
		EC83B5501C474DEF00FFB09B /* SKLmainViewController.h */ = {isa = PBXFileReference; lastKnownFileType = sourcecode.c.h; path = SKLmainViewController.h; sourceTree = "<group>"; };
		EC83B5511C474DEF00FFB09B /* SKLmainViewController.m */ = {isa = PBXFileReference; lastKnownFileType = sourcecode.c.objc; path = SKLmainViewController.m; sourceTree = "<group>"; };
		EC83B5541C474DEF00FFB09B /* Base */ = {isa = PBXFileReference; lastKnownFileType = file.storyboard; name = Base; path = Base.lproj/Main.storyboard; sourceTree = "<group>"; };
		EC83B5561C474DEF00FFB09B /* Assets.xcassets */ = {isa = PBXFileReference; lastKnownFileType = folder.assetcatalog; path = Assets.xcassets; sourceTree = "<group>"; };
		EC83B5591C474DEF00FFB09B /* Base */ = {isa = PBXFileReference; lastKnownFileType = file.storyboard; name = Base; path = Base.lproj/LaunchScreen.storyboard; sourceTree = "<group>"; };
		EC83B55B1C474DEF00FFB09B /* Info.plist */ = {isa = PBXFileReference; lastKnownFileType = text.plist.xml; path = Info.plist; sourceTree = "<group>"; };
		ECD73C8D1C4DFFD0008AC3F9 /* Location+CoreDataProperties.h */ = {isa = PBXFileReference; fileEncoding = 4; lastKnownFileType = sourcecode.c.h; path = "Location+CoreDataProperties.h"; sourceTree = "<group>"; };
		ECD73C8E1C4DFFD0008AC3F9 /* Location+CoreDataProperties.m */ = {isa = PBXFileReference; fileEncoding = 4; lastKnownFileType = sourcecode.c.objc; path = "Location+CoreDataProperties.m"; sourceTree = "<group>"; };
		ECD73C8F1C4DFFD0008AC3F9 /* Location.h */ = {isa = PBXFileReference; fileEncoding = 4; lastKnownFileType = sourcecode.c.h; path = Location.h; sourceTree = "<group>"; };
		ECD73C901C4DFFD0008AC3F9 /* Location.m */ = {isa = PBXFileReference; fileEncoding = 4; lastKnownFileType = sourcecode.c.objc; path = Location.m; sourceTree = "<group>"; };
		ECD73C941C4E011F008AC3F9 /* SKLgetLocation.h */ = {isa = PBXFileReference; fileEncoding = 4; lastKnownFileType = sourcecode.c.h; path = SKLgetLocation.h; sourceTree = "<group>"; };
		ECD73C951C4E011F008AC3F9 /* SKLgetLocation.m */ = {isa = PBXFileReference; fileEncoding = 4; lastKnownFileType = sourcecode.c.objc; path = SKLgetLocation.m; sourceTree = "<group>"; };
		ECD73C971C4E01C6008AC3F9 /* SKLtransformLocation.h */ = {isa = PBXFileReference; fileEncoding = 4; lastKnownFileType = sourcecode.c.h; path = SKLtransformLocation.h; sourceTree = "<group>"; };
		ECD73C981C4E01C6008AC3F9 /* SKLtransformLocation.m */ = {isa = PBXFileReference; fileEncoding = 4; lastKnownFileType = sourcecode.c.objc; path = SKLtransformLocation.m; sourceTree = "<group>"; };
/* End PBXFileReference section */

/* Begin PBXFrameworksBuildPhase section */
		EC83B5441C474DEF00FFB09B /* Frameworks */ = {
			isa = PBXFrameworksBuildPhase;
			buildActionMask = 2147483647;
			files = (
			);
			runOnlyForDeploymentPostprocessing = 0;
		};
/* End PBXFrameworksBuildPhase section */

/* Begin PBXGroup section */
		EC83B53E1C474DEF00FFB09B = {
			isa = PBXGroup;
			children = (
				EC83B5491C474DEF00FFB09B /* locationManager */,
				EC83B5481C474DEF00FFB09B /* Products */,
			);
			sourceTree = "<group>";
		};
		EC83B5481C474DEF00FFB09B /* Products */ = {
			isa = PBXGroup;
			children = (
				EC83B5471C474DEF00FFB09B /* locationManager.app */,
			);
			name = Products;
			sourceTree = "<group>";
		};
		EC83B5491C474DEF00FFB09B /* locationManager */ = {
			isa = PBXGroup;
			children = (
				ECD73C931C4E0092008AC3F9 /* locationCollection */,
				ECD73C8C1C4DFF96008AC3F9 /* locationDB */,
				EC83B54D1C474DEF00FFB09B /* AppDelegate.h */,
				EC83B54E1C474DEF00FFB09B /* AppDelegate.m */,
				EC83B5501C474DEF00FFB09B /* SKLmainViewController.h */,
				EC83B5511C474DEF00FFB09B /* SKLmainViewController.m */,
				EC78014F1C47EB4900375AEE /* location.xcdatamodeld */,
				EC83B5531C474DEF00FFB09B /* Main.storyboard */,
				EC83B5561C474DEF00FFB09B /* Assets.xcassets */,
				EC83B5581C474DEF00FFB09B /* LaunchScreen.storyboard */,
				EC83B55B1C474DEF00FFB09B /* Info.plist */,
				EC83B54A1C474DEF00FFB09B /* Supporting Files */,
			);
			path = locationManager;
			sourceTree = "<group>";
		};
		EC83B54A1C474DEF00FFB09B /* Supporting Files */ = {
			isa = PBXGroup;
			children = (
				EC83B54B1C474DEF00FFB09B /* main.m */,
			);
			name = "Supporting Files";
			sourceTree = "<group>";
		};
		ECD73C8C1C4DFF96008AC3F9 /* locationDB */ = {
			isa = PBXGroup;
			children = (
				ECD73C8D1C4DFFD0008AC3F9 /* Location+CoreDataProperties.h */,
				ECD73C8E1C4DFFD0008AC3F9 /* Location+CoreDataProperties.m */,
				ECD73C8F1C4DFFD0008AC3F9 /* Location.h */,
				ECD73C901C4DFFD0008AC3F9 /* Location.m */,
			);
			path = locationDB;
			sourceTree = "<group>";
		};
		ECD73C931C4E0092008AC3F9 /* locationCollection */ = {
			isa = PBXGroup;
			children = (
				ECD73C941C4E011F008AC3F9 /* SKLgetLocation.h */,
				ECD73C951C4E011F008AC3F9 /* SKLgetLocation.m */,
				ECD73C971C4E01C6008AC3F9 /* SKLtransformLocation.h */,
				ECD73C981C4E01C6008AC3F9 /* SKLtransformLocation.m */,
			);
			path = locationCollection;
			sourceTree = "<group>";
		};
/* End PBXGroup section */

/* Begin PBXNativeTarget section */
		EC83B5461C474DEF00FFB09B /* locationManager */ = {
			isa = PBXNativeTarget;
			buildConfigurationList = EC83B55E1C474DEF00FFB09B /* Build configuration list for PBXNativeTarget "locationManager" */;
			buildPhases = (
				EC83B5431C474DEF00FFB09B /* Sources */,
				EC83B5441C474DEF00FFB09B /* Frameworks */,
				EC83B5451C474DEF00FFB09B /* Resources */,
			);
			buildRules = (
			);
			dependencies = (
			);
			name = locationManager;
			productName = locationManager;
			productReference = EC83B5471C474DEF00FFB09B /* locationManager.app */;
			productType = "com.apple.product-type.application";
		};
/* End PBXNativeTarget section */

/* Begin PBXProject section */
		EC83B53F1C474DEF00FFB09B /* Project object */ = {
			isa = PBXProject;
			attributes = {
				LastUpgradeCheck = 0700;
				ORGANIZATIONNAME = zhenghong;
				TargetAttributes = {
					EC83B5461C474DEF00FFB09B = {
						CreatedOnToolsVersion = 7.0;
					};
				};
			};
			buildConfigurationList = EC83B5421C474DEF00FFB09B /* Build configuration list for PBXProject "locationManager" */;
			compatibilityVersion = "Xcode 3.2";
			developmentRegion = English;
			hasScannedForEncodings = 0;
			knownRegions = (
				en,
				Base,
			);
			mainGroup = EC83B53E1C474DEF00FFB09B;
			productRefGroup = EC83B5481C474DEF00FFB09B /* Products */;
			projectDirPath = "";
			projectRoot = "";
			targets = (
				EC83B5461C474DEF00FFB09B /* locationManager */,
			);
		};
/* End PBXProject section */

/* Begin PBXResourcesBuildPhase section */
		EC83B5451C474DEF00FFB09B /* Resources */ = {
			isa = PBXResourcesBuildPhase;
			buildActionMask = 2147483647;
			files = (
				EC83B55A1C474DEF00FFB09B /* LaunchScreen.storyboard in Resources */,
				EC83B5571C474DEF00FFB09B /* Assets.xcassets in Resources */,
				EC83B5551C474DEF00FFB09B /* Main.storyboard in Resources */,
			);
			runOnlyForDeploymentPostprocessing = 0;
		};
/* End PBXResourcesBuildPhase section */

/* Begin PBXSourcesBuildPhase section */
		EC83B5431C474DEF00FFB09B /* Sources */ = {
			isa = PBXSourcesBuildPhase;
			buildActionMask = 2147483647;
			files = (
				ECD73C991C4E01C6008AC3F9 /* SKLtransformLocation.m in Sources */,
				EC83B5521C474DEF00FFB09B /* SKLmainViewController.m in Sources */,
				EC83B54F1C474DEF00FFB09B /* AppDelegate.m in Sources */,
				ECD73C911C4DFFD0008AC3F9 /* Location+CoreDataProperties.m in Sources */,
				EC7801511C47EB4900375AEE /* location.xcdatamodeld in Sources */,
				ECD73C961C4E011F008AC3F9 /* SKLgetLocation.m in Sources */,
				ECD73C921C4DFFD0008AC3F9 /* Location.m in Sources */,
				EC83B54C1C474DEF00FFB09B /* main.m in Sources */,
			);
			runOnlyForDeploymentPostprocessing = 0;
		};
/* End PBXSourcesBuildPhase section */

/* Begin PBXVariantGroup section */
		EC83B5531C474DEF00FFB09B /* Main.storyboard */ = {
			isa = PBXVariantGroup;
			children = (
				EC83B5541C474DEF00FFB09B /* Base */,
			);
			name = Main.storyboard;
			sourceTree = "<group>";
		};
		EC83B5581C474DEF00FFB09B /* LaunchScreen.storyboard */ = {
			isa = PBXVariantGroup;
			children = (
				EC83B5591C474DEF00FFB09B /* Base */,
			);
			name = LaunchScreen.storyboard;
			sourceTree = "<group>";
		};
/* End PBXVariantGroup section */

/* Begin XCBuildConfiguration section */
		EC83B55C1C474DEF00FFB09B /* Debug */ = {
			isa = XCBuildConfiguration;
			buildSettings = {
				ALWAYS_SEARCH_USER_PATHS = NO;
				CLANG_CXX_LANGUAGE_STANDARD = "gnu++0x";
				CLANG_CXX_LIBRARY = "libc++";
				CLANG_ENABLE_MODULES = YES;
				CLANG_ENABLE_OBJC_ARC = YES;
				CLANG_WARN_BOOL_CONVERSION = YES;
				CLANG_WARN_CONSTANT_CONVERSION = YES;
				CLANG_WARN_DIRECT_OBJC_ISA_USAGE = YES_ERROR;
				CLANG_WARN_EMPTY_BODY = YES;
				CLANG_WARN_ENUM_CONVERSION = YES;
				CLANG_WARN_INT_CONVERSION = YES;
				CLANG_WARN_OBJC_ROOT_CLASS = YES_ERROR;
				CLANG_WARN_UNREACHABLE_CODE = YES;
				CLANG_WARN__DUPLICATE_METHOD_MATCH = YES;
				"CODE_SIGN_IDENTITY[sdk=iphoneos*]" = "iPhone Developer";
				COPY_PHASE_STRIP = NO;
				DEBUG_INFORMATION_FORMAT = dwarf;
				ENABLE_STRICT_OBJC_MSGSEND = YES;
				ENABLE_TESTABILITY = YES;
				GCC_C_LANGUAGE_STANDARD = gnu99;
				GCC_DYNAMIC_NO_PIC = NO;
				GCC_NO_COMMON_BLOCKS = YES;
				GCC_OPTIMIZATION_LEVEL = 0;
				GCC_PREPROCESSOR_DEFINITIONS = (
					"DEBUG=1",
					"$(inherited)",
				);
				GCC_WARN_64_TO_32_BIT_CONVERSION = YES;
				GCC_WARN_ABOUT_RETURN_TYPE = YES_ERROR;
				GCC_WARN_UNDECLARED_SELECTOR = YES;
				GCC_WARN_UNINITIALIZED_AUTOS = YES_AGGRESSIVE;
				GCC_WARN_UNUSED_FUNCTION = YES;
				GCC_WARN_UNUSED_VARIABLE = YES;
				IPHONEOS_DEPLOYMENT_TARGET = 9.0;
				MTL_ENABLE_DEBUG_INFO = YES;
				ONLY_ACTIVE_ARCH = YES;
				SDKROOT = iphoneos;
			};
			name = Debug;
		};
		EC83B55D1C474DEF00FFB09B /* Release */ = {
			isa = XCBuildConfiguration;
			buildSettings = {
				ALWAYS_SEARCH_USER_PATHS = NO;
				CLANG_CXX_LANGUAGE_STANDARD = "gnu++0x";
				CLANG_CXX_LIBRARY = "libc++";
				CLANG_ENABLE_MODULES = YES;
				CLANG_ENABLE_OBJC_ARC = YES;
				CLANG_WARN_BOOL_CONVERSION = YES;
				CLANG_WARN_CONSTANT_CONVERSION = YES;
				CLANG_WARN_DIRECT_OBJC_ISA_USAGE = YES_ERROR;
				CLANG_WARN_EMPTY_BODY = YES;
				CLANG_WARN_ENUM_CONVERSION = YES;
				CLANG_WARN_INT_CONVERSION = YES;
				CLANG_WARN_OBJC_ROOT_CLASS = YES_ERROR;
				CLANG_WARN_UNREACHABLE_CODE = YES;
				CLANG_WARN__DUPLICATE_METHOD_MATCH = YES;
				"CODE_SIGN_IDENTITY[sdk=iphoneos*]" = "iPhone Developer";
				COPY_PHASE_STRIP = NO;
				DEBUG_INFORMATION_FORMAT = "dwarf-with-dsym";
				ENABLE_NS_ASSERTIONS = NO;
				ENABLE_STRICT_OBJC_MSGSEND = YES;
				GCC_C_LANGUAGE_STANDARD = gnu99;
				GCC_NO_COMMON_BLOCKS = YES;
				GCC_WARN_64_TO_32_BIT_CONVERSION = YES;
				GCC_WARN_ABOUT_RETURN_TYPE = YES_ERROR;
				GCC_WARN_UNDECLARED_SELECTOR = YES;
				GCC_WARN_UNINITIALIZED_AUTOS = YES_AGGRESSIVE;
				GCC_WARN_UNUSED_FUNCTION = YES;
				GCC_WARN_UNUSED_VARIABLE = YES;
				IPHONEOS_DEPLOYMENT_TARGET = 9.0;
				MTL_ENABLE_DEBUG_INFO = NO;
				SDKROOT = iphoneos;
				VALIDATE_PRODUCT = YES;
			};
			name = Release;
		};
		EC83B55F1C474DEF00FFB09B /* Debug */ = {
			isa = XCBuildConfiguration;
			buildSettings = {
				ASSETCATALOG_COMPILER_APPICON_NAME = AppIcon;
				INFOPLIST_FILE = locationManager/Info.plist;
				IPHONEOS_DEPLOYMENT_TARGET = 6.0;
				LD_RUNPATH_SEARCH_PATHS = "$(inherited) @executable_path/Frameworks";
				PRODUCT_BUNDLE_IDENTIFIER = zh.locationManager;
				PRODUCT_NAME = "$(TARGET_NAME)";
			};
			name = Debug;
		};
		EC83B5601C474DEF00FFB09B /* Release */ = {
			isa = XCBuildConfiguration;
			buildSettings = {
				ASSETCATALOG_COMPILER_APPICON_NAME = AppIcon;
				INFOPLIST_FILE = locationManager/Info.plist;
				IPHONEOS_DEPLOYMENT_TARGET = 6.0;
				LD_RUNPATH_SEARCH_PATHS = "$(inherited) @executable_path/Frameworks";
				PRODUCT_BUNDLE_IDENTIFIER = zh.locationManager;
				PRODUCT_NAME = "$(TARGET_NAME)";
			};
			name = Release;
		};
/* End XCBuildConfiguration section */

/* Begin XCConfigurationList section */
		EC83B5421C474DEF00FFB09B /* Build configuration list for PBXProject "locationManager" */ = {
			isa = XCConfigurationList;
			buildConfigurations = (
				EC83B55C1C474DEF00FFB09B /* Debug */,
				EC83B55D1C474DEF00FFB09B /* Release */,
			);
			defaultConfigurationIsVisible = 0;
			defaultConfigurationName = Release;
		};
		EC83B55E1C474DEF00FFB09B /* Build configuration list for PBXNativeTarget "locationManager" */ = {
			isa = XCConfigurationList;
			buildConfigurations = (
				EC83B55F1C474DEF00FFB09B /* Debug */,
				EC83B5601C474DEF00FFB09B /* Release */,
			);
			defaultConfigurationIsVisible = 0;
			defaultConfigurationName = Release;
		};
/* End XCConfigurationList section */

/* Begin XCVersionGroup section */
		EC78014F1C47EB4900375AEE /* location.xcdatamodeld */ = {
			isa = XCVersionGroup;
			children = (
				EC7801501C47EB4900375AEE /* location.xcdatamodel */,
			);
			currentVersion = EC7801501C47EB4900375AEE /* location.xcdatamodel */;
			path = location.xcdatamodeld;
			sourceTree = "<group>";
			versionGroupType = wrapper.xcdatamodel;
		};
/* End XCVersionGroup section */
	};
	rootObject = EC83B53F1C474DEF00FFB09B /* Project object */;
}
