// !$*UTF8*$!
{
	archiveVersion = 1;
	classes = {
	};
	objectVersion = 46;
	objects = {

/* Begin PBXBuildFile section */
		9021E2411C45FA1000F3986E /* CollectDataManager.m in Sources */ = {isa = PBXBuildFile; fileRef = 9021E2401C45FA1000F3986E /* CollectDataManager.m */; };
		90E8DDE11C45DA7300E790D9 /* HealthKit.framework in Frameworks */ = {isa = PBXBuildFile; fileRef = 90E8DDE01C45DA7300E790D9 /* HealthKit.framework */; };
		90E8DDEB1C45E74400E790D9 /* HealthWorker.m in Sources */ = {isa = PBXBuildFile; fileRef = 90E8DDE81C45E74400E790D9 /* HealthWorker.m */; };
		90E8DDEC1C45E74400E790D9 /* HKHealthStore+AAPLExtensions.m in Sources */ = {isa = PBXBuildFile; fileRef = 90E8DDEA1C45E74400E790D9 /* HKHealthStore+AAPLExtensions.m */; };
		90E8DDF11C45EC2800E790D9 /* MotionWorker.m in Sources */ = {isa = PBXBuildFile; fileRef = 90E8DDF01C45EC2800E790D9 /* MotionWorker.m */; };
		90E8DDF51C45F6C600E790D9 /* FileManager.m in Sources */ = {isa = PBXBuildFile; fileRef = 90E8DDF41C45F6C600E790D9 /* FileManager.m */; };
		90E99D511C3FBCB30007137A /* main.m in Sources */ = {isa = PBXBuildFile; fileRef = 90E99D501C3FBCB30007137A /* main.m */; };
		90E99D541C3FBCB30007137A /* AppDelegate.m in Sources */ = {isa = PBXBuildFile; fileRef = 90E99D531C3FBCB30007137A /* AppDelegate.m */; };
		90E99D571C3FBCB30007137A /* ViewController.m in Sources */ = {isa = PBXBuildFile; fileRef = 90E99D561C3FBCB30007137A /* ViewController.m */; };
		90E99D5A1C3FBCB30007137A /* Main.storyboard in Resources */ = {isa = PBXBuildFile; fileRef = 90E99D581C3FBCB30007137A /* Main.storyboard */; };
		90E99D5C1C3FBCB30007137A /* Images.xcassets in Resources */ = {isa = PBXBuildFile; fileRef = 90E99D5B1C3FBCB30007137A /* Images.xcassets */; };
		90E99D5F1C3FBCB30007137A /* LaunchScreen.xib in Resources */ = {isa = PBXBuildFile; fileRef = 90E99D5D1C3FBCB30007137A /* LaunchScreen.xib */; };
		90E99D6B1C3FBCB30007137A /* TestSpeedTests.m in Sources */ = {isa = PBXBuildFile; fileRef = 90E99D6A1C3FBCB30007137A /* TestSpeedTests.m */; };
		90E99D751C3FBDCE0007137A /* CoreMotion.framework in Frameworks */ = {isa = PBXBuildFile; fileRef = 90E99D741C3FBDCE0007137A /* CoreMotion.framework */; };
/* End PBXBuildFile section */

/* Begin PBXContainerItemProxy section */
		90E99D651C3FBCB30007137A /* PBXContainerItemProxy */ = {
			isa = PBXContainerItemProxy;
			containerPortal = 90E99D431C3FBCB30007137A /* Project object */;
			proxyType = 1;
			remoteGlobalIDString = 90E99D4A1C3FBCB30007137A;
			remoteInfo = TestSpeed;
		};
/* End PBXContainerItemProxy section */

/* Begin PBXFileReference section */
		9021E23F1C45FA1000F3986E /* CollectDataManager.h */ = {isa = PBXFileReference; fileEncoding = 4; lastKnownFileType = sourcecode.c.h; path = CollectDataManager.h; sourceTree = "<group>"; };
		9021E2401C45FA1000F3986E /* CollectDataManager.m */ = {isa = PBXFileReference; fileEncoding = 4; lastKnownFileType = sourcecode.c.objc; path = CollectDataManager.m; sourceTree = "<group>"; };
		90E8DDE01C45DA7300E790D9 /* HealthKit.framework */ = {isa = PBXFileReference; lastKnownFileType = wrapper.framework; name = HealthKit.framework; path = System/Library/Frameworks/HealthKit.framework; sourceTree = SDKROOT; };
		90E8DDE21C45DAD300E790D9 /* TestSpeed.entitlements */ = {isa = PBXFileReference; lastKnownFileType = text.xml; path = TestSpeed.entitlements; sourceTree = "<group>"; };
		90E8DDE71C45E74400E790D9 /* HealthWorker.h */ = {isa = PBXFileReference; fileEncoding = 4; lastKnownFileType = sourcecode.c.h; path = HealthWorker.h; sourceTree = "<group>"; };
		90E8DDE81C45E74400E790D9 /* HealthWorker.m */ = {isa = PBXFileReference; fileEncoding = 4; lastKnownFileType = sourcecode.c.objc; path = HealthWorker.m; sourceTree = "<group>"; };
		90E8DDE91C45E74400E790D9 /* HKHealthStore+AAPLExtensions.h */ = {isa = PBXFileReference; fileEncoding = 4; lastKnownFileType = sourcecode.c.h; path = "HKHealthStore+AAPLExtensions.h"; sourceTree = "<group>"; };
		90E8DDEA1C45E74400E790D9 /* HKHealthStore+AAPLExtensions.m */ = {isa = PBXFileReference; fileEncoding = 4; lastKnownFileType = sourcecode.c.objc; path = "HKHealthStore+AAPLExtensions.m"; sourceTree = "<group>"; };
		90E8DDEF1C45EC2800E790D9 /* MotionWorker.h */ = {isa = PBXFileReference; fileEncoding = 4; lastKnownFileType = sourcecode.c.h; path = MotionWorker.h; sourceTree = "<group>"; };
		90E8DDF01C45EC2800E790D9 /* MotionWorker.m */ = {isa = PBXFileReference; fileEncoding = 4; lastKnownFileType = sourcecode.c.objc; path = MotionWorker.m; sourceTree = "<group>"; };
		90E8DDF31C45F6C600E790D9 /* FileManager.h */ = {isa = PBXFileReference; fileEncoding = 4; lastKnownFileType = sourcecode.c.h; path = FileManager.h; sourceTree = "<group>"; };
		90E8DDF41C45F6C600E790D9 /* FileManager.m */ = {isa = PBXFileReference; fileEncoding = 4; lastKnownFileType = sourcecode.c.objc; path = FileManager.m; sourceTree = "<group>"; };
		90E99D4B1C3FBCB30007137A /* TestSpeed.app */ = {isa = PBXFileReference; explicitFileType = wrapper.application; includeInIndex = 0; path = TestSpeed.app; sourceTree = BUILT_PRODUCTS_DIR; };
		90E99D4F1C3FBCB30007137A /* Info.plist */ = {isa = PBXFileReference; lastKnownFileType = text.plist.xml; path = Info.plist; sourceTree = "<group>"; };
		90E99D501C3FBCB30007137A /* main.m */ = {isa = PBXFileReference; lastKnownFileType = sourcecode.c.objc; path = main.m; sourceTree = "<group>"; };
		90E99D521C3FBCB30007137A /* AppDelegate.h */ = {isa = PBXFileReference; lastKnownFileType = sourcecode.c.h; path = AppDelegate.h; sourceTree = "<group>"; };
		90E99D531C3FBCB30007137A /* AppDelegate.m */ = {isa = PBXFileReference; lastKnownFileType = sourcecode.c.objc; path = AppDelegate.m; sourceTree = "<group>"; };
		90E99D551C3FBCB30007137A /* ViewController.h */ = {isa = PBXFileReference; lastKnownFileType = sourcecode.c.h; path = ViewController.h; sourceTree = "<group>"; };
		90E99D561C3FBCB30007137A /* ViewController.m */ = {isa = PBXFileReference; lastKnownFileType = sourcecode.c.objc; path = ViewController.m; sourceTree = "<group>"; };
		90E99D591C3FBCB30007137A /* Base */ = {isa = PBXFileReference; lastKnownFileType = file.storyboard; name = Base; path = Base.lproj/Main.storyboard; sourceTree = "<group>"; };
		90E99D5B1C3FBCB30007137A /* Images.xcassets */ = {isa = PBXFileReference; lastKnownFileType = folder.assetcatalog; path = Images.xcassets; sourceTree = "<group>"; };
		90E99D5E1C3FBCB30007137A /* Base */ = {isa = PBXFileReference; lastKnownFileType = file.xib; name = Base; path = Base.lproj/LaunchScreen.xib; sourceTree = "<group>"; };
		90E99D641C3FBCB30007137A /* TestSpeedTests.xctest */ = {isa = PBXFileReference; explicitFileType = wrapper.cfbundle; includeInIndex = 0; path = TestSpeedTests.xctest; sourceTree = BUILT_PRODUCTS_DIR; };
		90E99D691C3FBCB30007137A /* Info.plist */ = {isa = PBXFileReference; lastKnownFileType = text.plist.xml; path = Info.plist; sourceTree = "<group>"; };
		90E99D6A1C3FBCB30007137A /* TestSpeedTests.m */ = {isa = PBXFileReference; lastKnownFileType = sourcecode.c.objc; path = TestSpeedTests.m; sourceTree = "<group>"; };
		90E99D741C3FBDCE0007137A /* CoreMotion.framework */ = {isa = PBXFileReference; lastKnownFileType = wrapper.framework; name = CoreMotion.framework; path = System/Library/Frameworks/CoreMotion.framework; sourceTree = SDKROOT; };
/* End PBXFileReference section */

/* Begin PBXFrameworksBuildPhase section */
		90E99D481C3FBCB30007137A /* Frameworks */ = {
			isa = PBXFrameworksBuildPhase;
			buildActionMask = 2147483647;
			files = (
				90E8DDE11C45DA7300E790D9 /* HealthKit.framework in Frameworks */,
				90E99D751C3FBDCE0007137A /* CoreMotion.framework in Frameworks */,
			);
			runOnlyForDeploymentPostprocessing = 0;
		};
		90E99D611C3FBCB30007137A /* Frameworks */ = {
			isa = PBXFrameworksBuildPhase;
			buildActionMask = 2147483647;
			files = (
			);
			runOnlyForDeploymentPostprocessing = 0;
		};
/* End PBXFrameworksBuildPhase section */

/* Begin PBXGroup section */
		9021E23E1C45F9FE00F3986E /* CollectDataManager */ = {
			isa = PBXGroup;
			children = (
				9021E23F1C45FA1000F3986E /* CollectDataManager.h */,
				9021E2401C45FA1000F3986E /* CollectDataManager.m */,
			);
			path = CollectDataManager;
			sourceTree = "<group>";
		};
		90E8DDE61C45E74400E790D9 /* Health */ = {
			isa = PBXGroup;
			children = (
				90E8DDE71C45E74400E790D9 /* HealthWorker.h */,
				90E8DDE81C45E74400E790D9 /* HealthWorker.m */,
				90E8DDE91C45E74400E790D9 /* HKHealthStore+AAPLExtensions.h */,
				90E8DDEA1C45E74400E790D9 /* HKHealthStore+AAPLExtensions.m */,
			);
			path = Health;
			sourceTree = "<group>";
		};
		90E8DDEE1C45EC1200E790D9 /* MotionManager */ = {
			isa = PBXGroup;
			children = (
				90E8DDEF1C45EC2800E790D9 /* MotionWorker.h */,
				90E8DDF01C45EC2800E790D9 /* MotionWorker.m */,
			);
			path = MotionManager;
			sourceTree = "<group>";
		};
		90E8DDF21C45F69E00E790D9 /* FileManager */ = {
			isa = PBXGroup;
			children = (
				90E8DDF31C45F6C600E790D9 /* FileManager.h */,
				90E8DDF41C45F6C600E790D9 /* FileManager.m */,
			);
			path = FileManager;
			sourceTree = "<group>";
		};
		90E99D421C3FBCB30007137A = {
			isa = PBXGroup;
			children = (
				90E8DDE01C45DA7300E790D9 /* HealthKit.framework */,
				90E99D741C3FBDCE0007137A /* CoreMotion.framework */,
				90E99D4D1C3FBCB30007137A /* TestSpeed */,
				90E99D671C3FBCB30007137A /* TestSpeedTests */,
				90E99D4C1C3FBCB30007137A /* Products */,
			);
			sourceTree = "<group>";
		};
		90E99D4C1C3FBCB30007137A /* Products */ = {
			isa = PBXGroup;
			children = (
				90E99D4B1C3FBCB30007137A /* TestSpeed.app */,
				90E99D641C3FBCB30007137A /* TestSpeedTests.xctest */,
			);
			name = Products;
			sourceTree = "<group>";
		};
		90E99D4D1C3FBCB30007137A /* TestSpeed */ = {
			isa = PBXGroup;
			children = (
				9021E23E1C45F9FE00F3986E /* CollectDataManager */,
				90E8DDF21C45F69E00E790D9 /* FileManager */,
				90E8DDEE1C45EC1200E790D9 /* MotionManager */,
				90E8DDE61C45E74400E790D9 /* Health */,
				90E99D521C3FBCB30007137A /* AppDelegate.h */,
				90E99D531C3FBCB30007137A /* AppDelegate.m */,
				90E99D551C3FBCB30007137A /* ViewController.h */,
				90E99D561C3FBCB30007137A /* ViewController.m */,
				90E99D581C3FBCB30007137A /* Main.storyboard */,
				90E99D5B1C3FBCB30007137A /* Images.xcassets */,
				90E99D5D1C3FBCB30007137A /* LaunchScreen.xib */,
				90E99D4E1C3FBCB30007137A /* Supporting Files */,
			);
			path = TestSpeed;
			sourceTree = "<group>";
		};
		90E99D4E1C3FBCB30007137A /* Supporting Files */ = {
			isa = PBXGroup;
			children = (
				90E8DDE21C45DAD300E790D9 /* TestSpeed.entitlements */,
				90E99D4F1C3FBCB30007137A /* Info.plist */,
				90E99D501C3FBCB30007137A /* main.m */,
			);
			name = "Supporting Files";
			sourceTree = "<group>";
		};
		90E99D671C3FBCB30007137A /* TestSpeedTests */ = {
			isa = PBXGroup;
			children = (
				90E99D6A1C3FBCB30007137A /* TestSpeedTests.m */,
				90E99D681C3FBCB30007137A /* Supporting Files */,
			);
			path = TestSpeedTests;
			sourceTree = "<group>";
		};
		90E99D681C3FBCB30007137A /* Supporting Files */ = {
			isa = PBXGroup;
			children = (
				90E99D691C3FBCB30007137A /* Info.plist */,
			);
			name = "Supporting Files";
			sourceTree = "<group>";
		};
/* End PBXGroup section */

/* Begin PBXNativeTarget section */
		90E99D4A1C3FBCB30007137A /* TestSpeed */ = {
			isa = PBXNativeTarget;
			buildConfigurationList = 90E99D6E1C3FBCB30007137A /* Build configuration list for PBXNativeTarget "TestSpeed" */;
			buildPhases = (
				90E99D471C3FBCB30007137A /* Sources */,
				90E99D481C3FBCB30007137A /* Frameworks */,
				90E99D491C3FBCB30007137A /* Resources */,
			);
			buildRules = (
			);
			dependencies = (
			);
			name = TestSpeed;
			productName = TestSpeed;
			productReference = 90E99D4B1C3FBCB30007137A /* TestSpeed.app */;
			productType = "com.apple.product-type.application";
		};
		90E99D631C3FBCB30007137A /* TestSpeedTests */ = {
			isa = PBXNativeTarget;
			buildConfigurationList = 90E99D711C3FBCB30007137A /* Build configuration list for PBXNativeTarget "TestSpeedTests" */;
			buildPhases = (
				90E99D601C3FBCB30007137A /* Sources */,
				90E99D611C3FBCB30007137A /* Frameworks */,
				90E99D621C3FBCB30007137A /* Resources */,
			);
			buildRules = (
			);
			dependencies = (
				90E99D661C3FBCB30007137A /* PBXTargetDependency */,
			);
			name = TestSpeedTests;
			productName = TestSpeedTests;
			productReference = 90E99D641C3FBCB30007137A /* TestSpeedTests.xctest */;
			productType = "com.apple.product-type.bundle.unit-test";
		};
/* End PBXNativeTarget section */

/* Begin PBXProject section */
		90E99D431C3FBCB30007137A /* Project object */ = {
			isa = PBXProject;
			attributes = {
				LastUpgradeCheck = 0640;
				ORGANIZATIONNAME = liuxu;
				TargetAttributes = {
					90E99D4A1C3FBCB30007137A = {
						CreatedOnToolsVersion = 6.4;
						DevelopmentTeam = V7755W7M2E;
						SystemCapabilities = {
							com.apple.HealthKit = {
								enabled = 1;
							};
						};
					};
					90E99D631C3FBCB30007137A = {
						CreatedOnToolsVersion = 6.4;
						TestTargetID = 90E99D4A1C3FBCB30007137A;
					};
				};
			};
			buildConfigurationList = 90E99D461C3FBCB30007137A /* Build configuration list for PBXProject "TestSpeed" */;
			compatibilityVersion = "Xcode 3.2";
			developmentRegion = English;
			hasScannedForEncodings = 0;
			knownRegions = (
				en,
				Base,
			);
			mainGroup = 90E99D421C3FBCB30007137A;
			productRefGroup = 90E99D4C1C3FBCB30007137A /* Products */;
			projectDirPath = "";
			projectRoot = "";
			targets = (
				90E99D4A1C3FBCB30007137A /* TestSpeed */,
				90E99D631C3FBCB30007137A /* TestSpeedTests */,
			);
		};
/* End PBXProject section */

/* Begin PBXResourcesBuildPhase section */
		90E99D491C3FBCB30007137A /* Resources */ = {
			isa = PBXResourcesBuildPhase;
			buildActionMask = 2147483647;
			files = (
				90E99D5A1C3FBCB30007137A /* Main.storyboard in Resources */,
				90E99D5F1C3FBCB30007137A /* LaunchScreen.xib in Resources */,
				90E99D5C1C3FBCB30007137A /* Images.xcassets in Resources */,
			);
			runOnlyForDeploymentPostprocessing = 0;
		};
		90E99D621C3FBCB30007137A /* Resources */ = {
			isa = PBXResourcesBuildPhase;
			buildActionMask = 2147483647;
			files = (
			);
			runOnlyForDeploymentPostprocessing = 0;
		};
/* End PBXResourcesBuildPhase section */

/* Begin PBXSourcesBuildPhase section */
		90E99D471C3FBCB30007137A /* Sources */ = {
			isa = PBXSourcesBuildPhase;
			buildActionMask = 2147483647;
			files = (
				90E8DDEC1C45E74400E790D9 /* HKHealthStore+AAPLExtensions.m in Sources */,
				90E8DDF11C45EC2800E790D9 /* MotionWorker.m in Sources */,
				9021E2411C45FA1000F3986E /* CollectDataManager.m in Sources */,
				90E99D571C3FBCB30007137A /* ViewController.m in Sources */,
				90E99D541C3FBCB30007137A /* AppDelegate.m in Sources */,
				90E99D511C3FBCB30007137A /* main.m in Sources */,
				90E8DDF51C45F6C600E790D9 /* FileManager.m in Sources */,
				90E8DDEB1C45E74400E790D9 /* HealthWorker.m in Sources */,
			);
			runOnlyForDeploymentPostprocessing = 0;
		};
		90E99D601C3FBCB30007137A /* Sources */ = {
			isa = PBXSourcesBuildPhase;
			buildActionMask = 2147483647;
			files = (
				90E99D6B1C3FBCB30007137A /* TestSpeedTests.m in Sources */,
			);
			runOnlyForDeploymentPostprocessing = 0;
		};
/* End PBXSourcesBuildPhase section */

/* Begin PBXTargetDependency section */
		90E99D661C3FBCB30007137A /* PBXTargetDependency */ = {
			isa = PBXTargetDependency;
			target = 90E99D4A1C3FBCB30007137A /* TestSpeed */;
			targetProxy = 90E99D651C3FBCB30007137A /* PBXContainerItemProxy */;
		};
/* End PBXTargetDependency section */

/* Begin PBXVariantGroup section */
		90E99D581C3FBCB30007137A /* Main.storyboard */ = {
			isa = PBXVariantGroup;
			children = (
				90E99D591C3FBCB30007137A /* Base */,
			);
			name = Main.storyboard;
			sourceTree = "<group>";
		};
		90E99D5D1C3FBCB30007137A /* LaunchScreen.xib */ = {
			isa = PBXVariantGroup;
			children = (
				90E99D5E1C3FBCB30007137A /* Base */,
			);
			name = LaunchScreen.xib;
			sourceTree = "<group>";
		};
/* End PBXVariantGroup section */

/* Begin XCBuildConfiguration section */
		90E99D6C1C3FBCB30007137A /* Debug */ = {
			isa = XCBuildConfiguration;
			buildSettings = {
				ALWAYS_SEARCH_USER_PATHS = NO;
				CLANG_CXX_LANGUAGE_STANDARD = "gnu++0x";
				CLANG_CXX_LIBRARY = "libc++";
				CLANG_ENABLE_MODULES = YES;
				CLANG_ENABLE_OBJC_ARC = YES;
				CLANG_WARN_BOOL_CONVERSION = YES;
				CLANG_WARN_CONSTANT_CONVERSION = YES;
				CLANG_WARN_DIRECT_OBJC_ISA_USAGE = YES_ERROR;
				CLANG_WARN_EMPTY_BODY = YES;
				CLANG_WARN_ENUM_CONVERSION = YES;
				CLANG_WARN_INT_CONVERSION = YES;
				CLANG_WARN_OBJC_ROOT_CLASS = YES_ERROR;
				CLANG_WARN_UNREACHABLE_CODE = YES;
				CLANG_WARN__DUPLICATE_METHOD_MATCH = YES;
				"CODE_SIGN_IDENTITY[sdk=iphoneos*]" = "iPhone Developer";
				COPY_PHASE_STRIP = NO;
				DEBUG_INFORMATION_FORMAT = "dwarf-with-dsym";
				ENABLE_STRICT_OBJC_MSGSEND = YES;
				GCC_C_LANGUAGE_STANDARD = gnu99;
				GCC_DYNAMIC_NO_PIC = NO;
				GCC_NO_COMMON_BLOCKS = YES;
				GCC_OPTIMIZATION_LEVEL = 0;
				GCC_PREPROCESSOR_DEFINITIONS = (
					"DEBUG=1",
					"$(inherited)",
				);
				GCC_SYMBOLS_PRIVATE_EXTERN = NO;
				GCC_WARN_64_TO_32_BIT_CONVERSION = YES;
				GCC_WARN_ABOUT_RETURN_TYPE = YES_ERROR;
				GCC_WARN_UNDECLARED_SELECTOR = YES;
				GCC_WARN_UNINITIALIZED_AUTOS = YES_AGGRESSIVE;
				GCC_WARN_UNUSED_FUNCTION = YES;
				GCC_WARN_UNUSED_VARIABLE = YES;
				IPHONEOS_DEPLOYMENT_TARGET = 8.4;
				MTL_ENABLE_DEBUG_INFO = YES;
				ONLY_ACTIVE_ARCH = YES;
				SDKROOT = iphoneos;
			};
			name = Debug;
		};
		90E99D6D1C3FBCB30007137A /* Release */ = {
			isa = XCBuildConfiguration;
			buildSettings = {
				ALWAYS_SEARCH_USER_PATHS = NO;
				CLANG_CXX_LANGUAGE_STANDARD = "gnu++0x";
				CLANG_CXX_LIBRARY = "libc++";
				CLANG_ENABLE_MODULES = YES;
				CLANG_ENABLE_OBJC_ARC = YES;
				CLANG_WARN_BOOL_CONVERSION = YES;
				CLANG_WARN_CONSTANT_CONVERSION = YES;
				CLANG_WARN_DIRECT_OBJC_ISA_USAGE = YES_ERROR;
				CLANG_WARN_EMPTY_BODY = YES;
				CLANG_WARN_ENUM_CONVERSION = YES;
				CLANG_WARN_INT_CONVERSION = YES;
				CLANG_WARN_OBJC_ROOT_CLASS = YES_ERROR;
				CLANG_WARN_UNREACHABLE_CODE = YES;
				CLANG_WARN__DUPLICATE_METHOD_MATCH = YES;
				"CODE_SIGN_IDENTITY[sdk=iphoneos*]" = "iPhone Developer";
				COPY_PHASE_STRIP = NO;
				DEBUG_INFORMATION_FORMAT = "dwarf-with-dsym";
				ENABLE_NS_ASSERTIONS = NO;
				ENABLE_STRICT_OBJC_MSGSEND = YES;
				GCC_C_LANGUAGE_STANDARD = gnu99;
				GCC_NO_COMMON_BLOCKS = YES;
				GCC_WARN_64_TO_32_BIT_CONVERSION = YES;
				GCC_WARN_ABOUT_RETURN_TYPE = YES_ERROR;
				GCC_WARN_UNDECLARED_SELECTOR = YES;
				GCC_WARN_UNINITIALIZED_AUTOS = YES_AGGRESSIVE;
				GCC_WARN_UNUSED_FUNCTION = YES;
				GCC_WARN_UNUSED_VARIABLE = YES;
				IPHONEOS_DEPLOYMENT_TARGET = 8.4;
				MTL_ENABLE_DEBUG_INFO = NO;
				SDKROOT = iphoneos;
				VALIDATE_PRODUCT = YES;
			};
			name = Release;
		};
		90E99D6F1C3FBCB30007137A /* Debug */ = {
			isa = XCBuildConfiguration;
			buildSettings = {
				ASSETCATALOG_COMPILER_APPICON_NAME = AppIcon;
				CODE_SIGN_ENTITLEMENTS = TestSpeed/TestSpeed.entitlements;
				CODE_SIGN_IDENTITY = "iPhone Developer";
				"CODE_SIGN_IDENTITY[sdk=iphoneos*]" = "iPhone Developer";
				INFOPLIST_FILE = TestSpeed/Info.plist;
				LD_RUNPATH_SEARCH_PATHS = "$(inherited) @executable_path/Frameworks";
				PRODUCT_NAME = "$(TARGET_NAME)";
				PROVISIONING_PROFILE = "";
			};
			name = Debug;
		};
		90E99D701C3FBCB30007137A /* Release */ = {
			isa = XCBuildConfiguration;
			buildSettings = {
				ASSETCATALOG_COMPILER_APPICON_NAME = AppIcon;
				CODE_SIGN_ENTITLEMENTS = TestSpeed/TestSpeed.entitlements;
				CODE_SIGN_IDENTITY = "iPhone Developer";
				"CODE_SIGN_IDENTITY[sdk=iphoneos*]" = "iPhone Developer";
				INFOPLIST_FILE = TestSpeed/Info.plist;
				LD_RUNPATH_SEARCH_PATHS = "$(inherited) @executable_path/Frameworks";
				PRODUCT_NAME = "$(TARGET_NAME)";
				PROVISIONING_PROFILE = "";
			};
			name = Release;
		};
		90E99D721C3FBCB30007137A /* Debug */ = {
			isa = XCBuildConfiguration;
			buildSettings = {
				BUNDLE_LOADER = "$(TEST_HOST)";
				FRAMEWORK_SEARCH_PATHS = (
					"$(SDKROOT)/Developer/Library/Frameworks",
					"$(inherited)",
				);
				GCC_PREPROCESSOR_DEFINITIONS = (
					"DEBUG=1",
					"$(inherited)",
				);
				INFOPLIST_FILE = TestSpeedTests/Info.plist;
				LD_RUNPATH_SEARCH_PATHS = "$(inherited) @executable_path/Frameworks @loader_path/Frameworks";
				PRODUCT_NAME = "$(TARGET_NAME)";
				TEST_HOST = "$(BUILT_PRODUCTS_DIR)/TestSpeed.app/TestSpeed";
			};
			name = Debug;
		};
		90E99D731C3FBCB30007137A /* Release */ = {
			isa = XCBuildConfiguration;
			buildSettings = {
				BUNDLE_LOADER = "$(TEST_HOST)";
				FRAMEWORK_SEARCH_PATHS = (
					"$(SDKROOT)/Developer/Library/Frameworks",
					"$(inherited)",
				);
				INFOPLIST_FILE = TestSpeedTests/Info.plist;
				LD_RUNPATH_SEARCH_PATHS = "$(inherited) @executable_path/Frameworks @loader_path/Frameworks";
				PRODUCT_NAME = "$(TARGET_NAME)";
				TEST_HOST = "$(BUILT_PRODUCTS_DIR)/TestSpeed.app/TestSpeed";
			};
			name = Release;
		};
/* End XCBuildConfiguration section */

/* Begin XCConfigurationList section */
		90E99D461C3FBCB30007137A /* Build configuration list for PBXProject "TestSpeed" */ = {
			isa = XCConfigurationList;
			buildConfigurations = (
				90E99D6C1C3FBCB30007137A /* Debug */,
				90E99D6D1C3FBCB30007137A /* Release */,
			);
			defaultConfigurationIsVisible = 0;
			defaultConfigurationName = Release;
		};
		90E99D6E1C3FBCB30007137A /* Build configuration list for PBXNativeTarget "TestSpeed" */ = {
			isa = XCConfigurationList;
			buildConfigurations = (
				90E99D6F1C3FBCB30007137A /* Debug */,
				90E99D701C3FBCB30007137A /* Release */,
			);
			defaultConfigurationIsVisible = 0;
			defaultConfigurationName = Release;
		};
		90E99D711C3FBCB30007137A /* Build configuration list for PBXNativeTarget "TestSpeedTests" */ = {
			isa = XCConfigurationList;
			buildConfigurations = (
				90E99D721C3FBCB30007137A /* Debug */,
				90E99D731C3FBCB30007137A /* Release */,
			);
			defaultConfigurationIsVisible = 0;
			defaultConfigurationName = Release;
		};
/* End XCConfigurationList section */
	};
	rootObject = 90E99D431C3FBCB30007137A /* Project object */;
}
