// !$*UTF8*$!
{
	archiveVersion = 1;
	classes = {
	};
	objectVersion = 46;
	objects = {

/* Begin PBXBuildFile section */
		90E73A211C55ADAB00C07A1E /* Accelerometer.m in Sources */ = {isa = PBXBuildFile; fileRef = 90E73A0C1C55ADAB00C07A1E /* Accelerometer.m */; };
		90E73A221C55ADAB00C07A1E /* CoreDataManager.m in Sources */ = {isa = PBXBuildFile; fileRef = 90E73A0E1C55ADAB00C07A1E /* CoreDataManager.m */; };
		90E73A231C55ADAB00C07A1E /* DeviceMotion.m in Sources */ = {isa = PBXBuildFile; fileRef = 90E73A101C55ADAB00C07A1E /* DeviceMotion.m */; };
		90E73A241C55ADAB00C07A1E /* Health.m in Sources */ = {isa = PBXBuildFile; fileRef = 90E73A121C55ADAB00C07A1E /* Health.m */; };
		90E73A251C55ADAB00C07A1E /* Location.m in Sources */ = {isa = PBXBuildFile; fileRef = 90E73A141C55ADAB00C07A1E /* Location.m */; };
		90E73A261C55ADAB00C07A1E /* Touch.m in Sources */ = {isa = PBXBuildFile; fileRef = 90E73A161C55ADAB00C07A1E /* Touch.m */; };
		90E73A271C55ADAB00C07A1E /* FileManager.m in Sources */ = {isa = PBXBuildFile; fileRef = 90E73A191C55ADAB00C07A1E /* FileManager.m */; };
		90E73A3B1C55ADE300C07A1E /* CollectDataManager.m in Sources */ = {isa = PBXBuildFile; fileRef = 90E73A2A1C55ADE300C07A1E /* CollectDataManager.m */; };
		90E73A3C1C55ADE300C07A1E /* HealthWorker.m in Sources */ = {isa = PBXBuildFile; fileRef = 90E73A2D1C55ADE300C07A1E /* HealthWorker.m */; };
		90E73A3D1C55ADE300C07A1E /* HKHealthStore+AAPLExtensions.m in Sources */ = {isa = PBXBuildFile; fileRef = 90E73A2F1C55ADE300C07A1E /* HKHealthStore+AAPLExtensions.m */; };
		90E73A3E1C55ADE300C07A1E /* LocationWorker.m in Sources */ = {isa = PBXBuildFile; fileRef = 90E73A321C55ADE300C07A1E /* LocationWorker.m */; };
		90E73A3F1C55ADE300C07A1E /* MotionWorker.m in Sources */ = {isa = PBXBuildFile; fileRef = 90E73A351C55ADE300C07A1E /* MotionWorker.m */; };
		90E73A401C55ADE300C07A1E /* DPApplication.m in Sources */ = {isa = PBXBuildFile; fileRef = 90E73A381C55ADE300C07A1E /* DPApplication.m */; };
		90E73A411C55ADE300C07A1E /* TouchWorker.m in Sources */ = {isa = PBXBuildFile; fileRef = 90E73A3A1C55ADE300C07A1E /* TouchWorker.m */; };
		90E73A441C55AE7B00C07A1E /* DataStorageManager.m in Sources */ = {isa = PBXBuildFile; fileRef = 90E73A431C55AE7B00C07A1E /* DataStorageManager.m */; };
		90EA2F491C50D2D3006B8D87 /* libz.dylib in Frameworks */ = {isa = PBXBuildFile; fileRef = 90EA2F481C50D2D3006B8D87 /* libz.dylib */; };
		90EE2D791C4E05E500C5A64D /* main.m in Sources */ = {isa = PBXBuildFile; fileRef = 90EE2D781C4E05E500C5A64D /* main.m */; };
		90EE2D7C1C4E05E500C5A64D /* AppDelegate.m in Sources */ = {isa = PBXBuildFile; fileRef = 90EE2D7B1C4E05E500C5A64D /* AppDelegate.m */; };
		90EE2D7F1C4E05E500C5A64D /* DataMining.xcdatamodeld in Sources */ = {isa = PBXBuildFile; fileRef = 90EE2D7D1C4E05E500C5A64D /* DataMining.xcdatamodeld */; };
		90EE2D821C4E05E500C5A64D /* ViewController.m in Sources */ = {isa = PBXBuildFile; fileRef = 90EE2D811C4E05E500C5A64D /* ViewController.m */; };
		90EE2D851C4E05E500C5A64D /* Main.storyboard in Resources */ = {isa = PBXBuildFile; fileRef = 90EE2D831C4E05E500C5A64D /* Main.storyboard */; };
		90EE2D871C4E05E500C5A64D /* Images.xcassets in Resources */ = {isa = PBXBuildFile; fileRef = 90EE2D861C4E05E500C5A64D /* Images.xcassets */; };
		90EE2D8A1C4E05E500C5A64D /* LaunchScreen.xib in Resources */ = {isa = PBXBuildFile; fileRef = 90EE2D881C4E05E500C5A64D /* LaunchScreen.xib */; };
		90EE2D961C4E05E600C5A64D /* DataMiningTests.m in Sources */ = {isa = PBXBuildFile; fileRef = 90EE2D951C4E05E600C5A64D /* DataMiningTests.m */; };
		90EE2DBA1C4E066900C5A64D /* HealthKit.framework in Frameworks */ = {isa = PBXBuildFile; fileRef = 90EE2DB91C4E066900C5A64D /* HealthKit.framework */; };
		90EE2DBD1C4E083100C5A64D /* CoreMotion.framework in Frameworks */ = {isa = PBXBuildFile; fileRef = 90EE2DBC1C4E083100C5A64D /* CoreMotion.framework */; };
		EC39F0D91C4F1FD500AEDFF4 /* AMapLocationKit.framework in Frameworks */ = {isa = PBXBuildFile; fileRef = EC39F0D81C4F1FD500AEDFF4 /* AMapLocationKit.framework */; };
		EC39F0DB1C4F1FE100AEDFF4 /* AMapSearchKit.framework in Frameworks */ = {isa = PBXBuildFile; fileRef = EC39F0DA1C4F1FE100AEDFF4 /* AMapSearchKit.framework */; };
		ECB2CDD21C4E35670035B1FD /* CoreTelephony.framework in Frameworks */ = {isa = PBXBuildFile; fileRef = ECB2CDD11C4E35660035B1FD /* CoreTelephony.framework */; };
		ECB2CDD41C4E35840035B1FD /* CoreLocation.framework in Frameworks */ = {isa = PBXBuildFile; fileRef = ECB2CDD31C4E35840035B1FD /* CoreLocation.framework */; };
		ECB2CDD61C4E359F0035B1FD /* libz.tbd in Frameworks */ = {isa = PBXBuildFile; fileRef = ECB2CDD51C4E359F0035B1FD /* libz.tbd */; };
		ECB2CDD81C4E35B00035B1FD /* SystemConfiguration.framework in Frameworks */ = {isa = PBXBuildFile; fileRef = ECB2CDD71C4E35B00035B1FD /* SystemConfiguration.framework */; };
/* End PBXBuildFile section */

/* Begin PBXContainerItemProxy section */
		90EE2D901C4E05E600C5A64D /* PBXContainerItemProxy */ = {
			isa = PBXContainerItemProxy;
			containerPortal = 90EE2D6B1C4E05E500C5A64D /* Project object */;
			proxyType = 1;
			remoteGlobalIDString = 90EE2D721C4E05E500C5A64D;
			remoteInfo = DataMining;
		};
/* End PBXContainerItemProxy section */

/* Begin PBXFileReference section */
		90E73A0B1C55ADAB00C07A1E /* Accelerometer.h */ = {isa = PBXFileReference; fileEncoding = 4; lastKnownFileType = sourcecode.c.h; path = Accelerometer.h; sourceTree = "<group>"; };
		90E73A0C1C55ADAB00C07A1E /* Accelerometer.m */ = {isa = PBXFileReference; fileEncoding = 4; lastKnownFileType = sourcecode.c.objc; path = Accelerometer.m; sourceTree = "<group>"; };
		90E73A0D1C55ADAB00C07A1E /* CoreDataManager.h */ = {isa = PBXFileReference; fileEncoding = 4; lastKnownFileType = sourcecode.c.h; path = CoreDataManager.h; sourceTree = "<group>"; };
		90E73A0E1C55ADAB00C07A1E /* CoreDataManager.m */ = {isa = PBXFileReference; fileEncoding = 4; lastKnownFileType = sourcecode.c.objc; path = CoreDataManager.m; sourceTree = "<group>"; };
		90E73A0F1C55ADAB00C07A1E /* DeviceMotion.h */ = {isa = PBXFileReference; fileEncoding = 4; lastKnownFileType = sourcecode.c.h; path = DeviceMotion.h; sourceTree = "<group>"; };
		90E73A101C55ADAB00C07A1E /* DeviceMotion.m */ = {isa = PBXFileReference; fileEncoding = 4; lastKnownFileType = sourcecode.c.objc; path = DeviceMotion.m; sourceTree = "<group>"; };
		90E73A111C55ADAB00C07A1E /* Health.h */ = {isa = PBXFileReference; fileEncoding = 4; lastKnownFileType = sourcecode.c.h; path = Health.h; sourceTree = "<group>"; };
		90E73A121C55ADAB00C07A1E /* Health.m */ = {isa = PBXFileReference; fileEncoding = 4; lastKnownFileType = sourcecode.c.objc; path = Health.m; sourceTree = "<group>"; };
		90E73A131C55ADAB00C07A1E /* Location.h */ = {isa = PBXFileReference; fileEncoding = 4; lastKnownFileType = sourcecode.c.h; path = Location.h; sourceTree = "<group>"; };
		90E73A141C55ADAB00C07A1E /* Location.m */ = {isa = PBXFileReference; fileEncoding = 4; lastKnownFileType = sourcecode.c.objc; path = Location.m; sourceTree = "<group>"; };
		90E73A151C55ADAB00C07A1E /* Touch.h */ = {isa = PBXFileReference; fileEncoding = 4; lastKnownFileType = sourcecode.c.h; path = Touch.h; sourceTree = "<group>"; };
		90E73A161C55ADAB00C07A1E /* Touch.m */ = {isa = PBXFileReference; fileEncoding = 4; lastKnownFileType = sourcecode.c.objc; path = Touch.m; sourceTree = "<group>"; };
		90E73A181C55ADAB00C07A1E /* FileManager.h */ = {isa = PBXFileReference; fileEncoding = 4; lastKnownFileType = sourcecode.c.h; path = FileManager.h; sourceTree = "<group>"; };
		90E73A191C55ADAB00C07A1E /* FileManager.m */ = {isa = PBXFileReference; fileEncoding = 4; lastKnownFileType = sourcecode.c.objc; path = FileManager.m; sourceTree = "<group>"; };
		90E73A291C55ADE300C07A1E /* CollectDataManager.h */ = {isa = PBXFileReference; fileEncoding = 4; lastKnownFileType = sourcecode.c.h; path = CollectDataManager.h; sourceTree = "<group>"; };
		90E73A2A1C55ADE300C07A1E /* CollectDataManager.m */ = {isa = PBXFileReference; fileEncoding = 4; lastKnownFileType = sourcecode.c.objc; path = CollectDataManager.m; sourceTree = "<group>"; };
		90E73A2C1C55ADE300C07A1E /* HealthWorker.h */ = {isa = PBXFileReference; fileEncoding = 4; lastKnownFileType = sourcecode.c.h; path = HealthWorker.h; sourceTree = "<group>"; };
		90E73A2D1C55ADE300C07A1E /* HealthWorker.m */ = {isa = PBXFileReference; fileEncoding = 4; lastKnownFileType = sourcecode.c.objc; path = HealthWorker.m; sourceTree = "<group>"; };
		90E73A2E1C55ADE300C07A1E /* HKHealthStore+AAPLExtensions.h */ = {isa = PBXFileReference; fileEncoding = 4; lastKnownFileType = sourcecode.c.h; path = "HKHealthStore+AAPLExtensions.h"; sourceTree = "<group>"; };
		90E73A2F1C55ADE300C07A1E /* HKHealthStore+AAPLExtensions.m */ = {isa = PBXFileReference; fileEncoding = 4; lastKnownFileType = sourcecode.c.objc; path = "HKHealthStore+AAPLExtensions.m"; sourceTree = "<group>"; };
		90E73A311C55ADE300C07A1E /* LocationWorker.h */ = {isa = PBXFileReference; fileEncoding = 4; lastKnownFileType = sourcecode.c.h; path = LocationWorker.h; sourceTree = "<group>"; };
		90E73A321C55ADE300C07A1E /* LocationWorker.m */ = {isa = PBXFileReference; fileEncoding = 4; lastKnownFileType = sourcecode.c.objc; path = LocationWorker.m; sourceTree = "<group>"; };
		90E73A341C55ADE300C07A1E /* MotionWorker.h */ = {isa = PBXFileReference; fileEncoding = 4; lastKnownFileType = sourcecode.c.h; path = MotionWorker.h; sourceTree = "<group>"; };
		90E73A351C55ADE300C07A1E /* MotionWorker.m */ = {isa = PBXFileReference; fileEncoding = 4; lastKnownFileType = sourcecode.c.objc; path = MotionWorker.m; sourceTree = "<group>"; };
		90E73A371C55ADE300C07A1E /* DPApplication.h */ = {isa = PBXFileReference; fileEncoding = 4; lastKnownFileType = sourcecode.c.h; path = DPApplication.h; sourceTree = "<group>"; };
		90E73A381C55ADE300C07A1E /* DPApplication.m */ = {isa = PBXFileReference; fileEncoding = 4; lastKnownFileType = sourcecode.c.objc; path = DPApplication.m; sourceTree = "<group>"; };
		90E73A391C55ADE300C07A1E /* TouchWorker.h */ = {isa = PBXFileReference; fileEncoding = 4; lastKnownFileType = sourcecode.c.h; path = TouchWorker.h; sourceTree = "<group>"; };
		90E73A3A1C55ADE300C07A1E /* TouchWorker.m */ = {isa = PBXFileReference; fileEncoding = 4; lastKnownFileType = sourcecode.c.objc; path = TouchWorker.m; sourceTree = "<group>"; };
		90E73A421C55AE7B00C07A1E /* DataStorageManager.h */ = {isa = PBXFileReference; fileEncoding = 4; lastKnownFileType = sourcecode.c.h; path = DataStorageManager.h; sourceTree = "<group>"; };
		90E73A431C55AE7B00C07A1E /* DataStorageManager.m */ = {isa = PBXFileReference; fileEncoding = 4; lastKnownFileType = sourcecode.c.objc; path = DataStorageManager.m; sourceTree = "<group>"; };
		90EA2F481C50D2D3006B8D87 /* libz.dylib */ = {isa = PBXFileReference; lastKnownFileType = "compiled.mach-o.dylib"; name = libz.dylib; path = usr/lib/libz.dylib; sourceTree = SDKROOT; };
		90EE2D731C4E05E500C5A64D /* DataMining.app */ = {isa = PBXFileReference; explicitFileType = wrapper.application; includeInIndex = 0; path = DataMining.app; sourceTree = BUILT_PRODUCTS_DIR; };
		90EE2D771C4E05E500C5A64D /* Info.plist */ = {isa = PBXFileReference; lastKnownFileType = text.plist.xml; path = Info.plist; sourceTree = "<group>"; };
		90EE2D781C4E05E500C5A64D /* main.m */ = {isa = PBXFileReference; lastKnownFileType = sourcecode.c.objc; path = main.m; sourceTree = "<group>"; };
		90EE2D7A1C4E05E500C5A64D /* AppDelegate.h */ = {isa = PBXFileReference; lastKnownFileType = sourcecode.c.h; path = AppDelegate.h; sourceTree = "<group>"; };
		90EE2D7B1C4E05E500C5A64D /* AppDelegate.m */ = {isa = PBXFileReference; lastKnownFileType = sourcecode.c.objc; path = AppDelegate.m; sourceTree = "<group>"; };
		90EE2D7E1C4E05E500C5A64D /* DataMining.xcdatamodel */ = {isa = PBXFileReference; lastKnownFileType = wrapper.xcdatamodel; path = DataMining.xcdatamodel; sourceTree = "<group>"; };
		90EE2D801C4E05E500C5A64D /* ViewController.h */ = {isa = PBXFileReference; lastKnownFileType = sourcecode.c.h; path = ViewController.h; sourceTree = "<group>"; };
		90EE2D811C4E05E500C5A64D /* ViewController.m */ = {isa = PBXFileReference; lastKnownFileType = sourcecode.c.objc; path = ViewController.m; sourceTree = "<group>"; };
		90EE2D841C4E05E500C5A64D /* Base */ = {isa = PBXFileReference; lastKnownFileType = file.storyboard; name = Base; path = Base.lproj/Main.storyboard; sourceTree = "<group>"; };
		90EE2D861C4E05E500C5A64D /* Images.xcassets */ = {isa = PBXFileReference; lastKnownFileType = folder.assetcatalog; path = Images.xcassets; sourceTree = "<group>"; };
		90EE2D891C4E05E500C5A64D /* Base */ = {isa = PBXFileReference; lastKnownFileType = file.xib; name = Base; path = Base.lproj/LaunchScreen.xib; sourceTree = "<group>"; };
		90EE2D8F1C4E05E600C5A64D /* DataMiningTests.xctest */ = {isa = PBXFileReference; explicitFileType = wrapper.cfbundle; includeInIndex = 0; path = DataMiningTests.xctest; sourceTree = BUILT_PRODUCTS_DIR; };
		90EE2D941C4E05E600C5A64D /* Info.plist */ = {isa = PBXFileReference; lastKnownFileType = text.plist.xml; path = Info.plist; sourceTree = "<group>"; };
		90EE2D951C4E05E600C5A64D /* DataMiningTests.m */ = {isa = PBXFileReference; lastKnownFileType = sourcecode.c.objc; path = DataMiningTests.m; sourceTree = "<group>"; };
		90EE2DB91C4E066900C5A64D /* HealthKit.framework */ = {isa = PBXFileReference; lastKnownFileType = wrapper.framework; name = HealthKit.framework; path = System/Library/Frameworks/HealthKit.framework; sourceTree = SDKROOT; };
		90EE2DBB1C4E066900C5A64D /* DataMining.entitlements */ = {isa = PBXFileReference; lastKnownFileType = text.xml; path = DataMining.entitlements; sourceTree = "<group>"; };
		90EE2DBC1C4E083100C5A64D /* CoreMotion.framework */ = {isa = PBXFileReference; lastKnownFileType = wrapper.framework; name = CoreMotion.framework; path = System/Library/Frameworks/CoreMotion.framework; sourceTree = SDKROOT; };
		EC39F0D81C4F1FD500AEDFF4 /* AMapLocationKit.framework */ = {isa = PBXFileReference; lastKnownFileType = wrapper.framework; path = AMapLocationKit.framework; sourceTree = "<group>"; };
		EC39F0DA1C4F1FE100AEDFF4 /* AMapSearchKit.framework */ = {isa = PBXFileReference; lastKnownFileType = wrapper.framework; path = AMapSearchKit.framework; sourceTree = "<group>"; };
		ECB2CDD11C4E35660035B1FD /* CoreTelephony.framework */ = {isa = PBXFileReference; lastKnownFileType = wrapper.framework; name = CoreTelephony.framework; path = System/Library/Frameworks/CoreTelephony.framework; sourceTree = SDKROOT; };
		ECB2CDD31C4E35840035B1FD /* CoreLocation.framework */ = {isa = PBXFileReference; lastKnownFileType = wrapper.framework; name = CoreLocation.framework; path = System/Library/Frameworks/CoreLocation.framework; sourceTree = SDKROOT; };
		ECB2CDD51C4E359F0035B1FD /* libz.tbd */ = {isa = PBXFileReference; lastKnownFileType = "sourcecode.text-based-dylib-definition"; name = libz.tbd; path = usr/lib/libz.tbd; sourceTree = SDKROOT; };
		ECB2CDD71C4E35B00035B1FD /* SystemConfiguration.framework */ = {isa = PBXFileReference; lastKnownFileType = wrapper.framework; name = SystemConfiguration.framework; path = System/Library/Frameworks/SystemConfiguration.framework; sourceTree = SDKROOT; };
/* End PBXFileReference section */

/* Begin PBXFrameworksBuildPhase section */
		90EE2D701C4E05E500C5A64D /* Frameworks */ = {
			isa = PBXFrameworksBuildPhase;
			buildActionMask = 2147483647;
			files = (
				90EA2F491C50D2D3006B8D87 /* libz.dylib in Frameworks */,
				ECB2CDD81C4E35B00035B1FD /* SystemConfiguration.framework in Frameworks */,
				ECB2CDD61C4E359F0035B1FD /* libz.tbd in Frameworks */,
				ECB2CDD41C4E35840035B1FD /* CoreLocation.framework in Frameworks */,
				ECB2CDD21C4E35670035B1FD /* CoreTelephony.framework in Frameworks */,
				EC39F0DB1C4F1FE100AEDFF4 /* AMapSearchKit.framework in Frameworks */,
				EC39F0D91C4F1FD500AEDFF4 /* AMapLocationKit.framework in Frameworks */,
				90EE2DBD1C4E083100C5A64D /* CoreMotion.framework in Frameworks */,
				90EE2DBA1C4E066900C5A64D /* HealthKit.framework in Frameworks */,
			);
			runOnlyForDeploymentPostprocessing = 0;
		};
		90EE2D8C1C4E05E600C5A64D /* Frameworks */ = {
			isa = PBXFrameworksBuildPhase;
			buildActionMask = 2147483647;
			files = (
			);
			runOnlyForDeploymentPostprocessing = 0;
		};
/* End PBXFrameworksBuildPhase section */

/* Begin PBXGroup section */
		90E73A091C55ADAB00C07A1E /* DataManager */ = {
			isa = PBXGroup;
			children = (
				90E73A0A1C55ADAB00C07A1E /* CoreDataWorker */,
				90E73A171C55ADAB00C07A1E /* FileWorker */,
				90E73A421C55AE7B00C07A1E /* DataStorageManager.h */,
				90E73A431C55AE7B00C07A1E /* DataStorageManager.m */,
			);
			path = DataManager;
			sourceTree = "<group>";
		};
		90E73A0A1C55ADAB00C07A1E /* CoreDataWorker */ = {
			isa = PBXGroup;
			children = (
				90E73A0D1C55ADAB00C07A1E /* CoreDataManager.h */,
				90E73A0E1C55ADAB00C07A1E /* CoreDataManager.m */,
				90E73A0F1C55ADAB00C07A1E /* DeviceMotion.h */,
				90E73A101C55ADAB00C07A1E /* DeviceMotion.m */,
				90E73A131C55ADAB00C07A1E /* Location.h */,
				90E73A141C55ADAB00C07A1E /* Location.m */,
				90E73A111C55ADAB00C07A1E /* Health.h */,
				90E73A121C55ADAB00C07A1E /* Health.m */,
				90E73A151C55ADAB00C07A1E /* Touch.h */,
				90E73A161C55ADAB00C07A1E /* Touch.m */,
				90E73A0B1C55ADAB00C07A1E /* Accelerometer.h */,
				90E73A0C1C55ADAB00C07A1E /* Accelerometer.m */,
			);
			path = CoreDataWorker;
			sourceTree = "<group>";
		};
		90E73A171C55ADAB00C07A1E /* FileWorker */ = {
			isa = PBXGroup;
			children = (
				90E73A181C55ADAB00C07A1E /* FileManager.h */,
				90E73A191C55ADAB00C07A1E /* FileManager.m */,
			);
			path = FileWorker;
			sourceTree = "<group>";
		};
		90E73A281C55ADE300C07A1E /* CollectManager */ = {
			isa = PBXGroup;
			children = (
				90E73A291C55ADE300C07A1E /* CollectDataManager.h */,
				90E73A2A1C55ADE300C07A1E /* CollectDataManager.m */,
				90E73A2B1C55ADE300C07A1E /* HealthWorker */,
				90E73A301C55ADE300C07A1E /* LocationWorker */,
				90E73A331C55ADE300C07A1E /* MotionWorker */,
				90E73A361C55ADE300C07A1E /* TouchWorker */,
			);
			path = CollectManager;
			sourceTree = "<group>";
		};
		90E73A2B1C55ADE300C07A1E /* HealthWorker */ = {
			isa = PBXGroup;
			children = (
				90E73A2C1C55ADE300C07A1E /* HealthWorker.h */,
				90E73A2D1C55ADE300C07A1E /* HealthWorker.m */,
				90E73A2E1C55ADE300C07A1E /* HKHealthStore+AAPLExtensions.h */,
				90E73A2F1C55ADE300C07A1E /* HKHealthStore+AAPLExtensions.m */,
			);
			path = HealthWorker;
			sourceTree = "<group>";
		};
		90E73A301C55ADE300C07A1E /* LocationWorker */ = {
			isa = PBXGroup;
			children = (
				90E73A311C55ADE300C07A1E /* LocationWorker.h */,
				90E73A321C55ADE300C07A1E /* LocationWorker.m */,
			);
			path = LocationWorker;
			sourceTree = "<group>";
		};
		90E73A331C55ADE300C07A1E /* MotionWorker */ = {
			isa = PBXGroup;
			children = (
				90E73A341C55ADE300C07A1E /* MotionWorker.h */,
				90E73A351C55ADE300C07A1E /* MotionWorker.m */,
			);
			path = MotionWorker;
			sourceTree = "<group>";
		};
		90E73A361C55ADE300C07A1E /* TouchWorker */ = {
			isa = PBXGroup;
			children = (
				90E73A371C55ADE300C07A1E /* DPApplication.h */,
				90E73A381C55ADE300C07A1E /* DPApplication.m */,
				90E73A391C55ADE300C07A1E /* TouchWorker.h */,
				90E73A3A1C55ADE300C07A1E /* TouchWorker.m */,
			);
			path = TouchWorker;
			sourceTree = "<group>";
		};
		90EE2D6A1C4E05E500C5A64D = {
			isa = PBXGroup;
			children = (
				90EE2D751C4E05E500C5A64D /* DataMining */,
				90EE2D921C4E05E600C5A64D /* DataMiningTests */,
				90EE2D741C4E05E500C5A64D /* Products */,
			);
			sourceTree = "<group>";
		};
		90EE2D741C4E05E500C5A64D /* Products */ = {
			isa = PBXGroup;
			children = (
				90EE2D731C4E05E500C5A64D /* DataMining.app */,
				90EE2D8F1C4E05E600C5A64D /* DataMiningTests.xctest */,
			);
			name = Products;
			sourceTree = "<group>";
		};
		90EE2D751C4E05E500C5A64D /* DataMining */ = {
			isa = PBXGroup;
			children = (
				90EE2DBF1C4E088800C5A64D /* Collector */,
				90EE2D7A1C4E05E500C5A64D /* AppDelegate.h */,
				90EE2D7B1C4E05E500C5A64D /* AppDelegate.m */,
				90EE2D801C4E05E500C5A64D /* ViewController.h */,
				90EE2D811C4E05E500C5A64D /* ViewController.m */,
				90EE2D831C4E05E500C5A64D /* Main.storyboard */,
				90EE2D861C4E05E500C5A64D /* Images.xcassets */,
				90EE2D881C4E05E500C5A64D /* LaunchScreen.xib */,
				90EE2D7D1C4E05E500C5A64D /* DataMining.xcdatamodeld */,
				90EE2D761C4E05E500C5A64D /* Supporting Files */,
			);
			path = DataMining;
			sourceTree = "<group>";
		};
		90EE2D761C4E05E500C5A64D /* Supporting Files */ = {
			isa = PBXGroup;
			children = (
				90EE2DBE1C4E085700C5A64D /* framework */,
				90EE2D771C4E05E500C5A64D /* Info.plist */,
				90EE2D781C4E05E500C5A64D /* main.m */,
				90EE2DBB1C4E066900C5A64D /* DataMining.entitlements */,
			);
			name = "Supporting Files";
			sourceTree = "<group>";
		};
		90EE2D921C4E05E600C5A64D /* DataMiningTests */ = {
			isa = PBXGroup;
			children = (
				90EE2D951C4E05E600C5A64D /* DataMiningTests.m */,
				90EE2D931C4E05E600C5A64D /* Supporting Files */,
			);
			path = DataMiningTests;
			sourceTree = "<group>";
		};
		90EE2D931C4E05E600C5A64D /* Supporting Files */ = {
			isa = PBXGroup;
			children = (
				90EE2D941C4E05E600C5A64D /* Info.plist */,
			);
			name = "Supporting Files";
			sourceTree = "<group>";
		};
		90EE2DBE1C4E085700C5A64D /* framework */ = {
			isa = PBXGroup;
			children = (
				90EA2F481C50D2D3006B8D87 /* libz.dylib */,
				ECB2CDD51C4E359F0035B1FD /* libz.tbd */,
				EC39F0DA1C4F1FE100AEDFF4 /* AMapSearchKit.framework */,
				EC39F0D81C4F1FD500AEDFF4 /* AMapLocationKit.framework */,
				ECB2CDD11C4E35660035B1FD /* CoreTelephony.framework */,
				ECB2CDD31C4E35840035B1FD /* CoreLocation.framework */,
				ECB2CDD71C4E35B00035B1FD /* SystemConfiguration.framework */,
				90EE2DBC1C4E083100C5A64D /* CoreMotion.framework */,
				90EE2DB91C4E066900C5A64D /* HealthKit.framework */,
			);
			name = framework;
			sourceTree = "<group>";
		};
		90EE2DBF1C4E088800C5A64D /* Collector */ = {
			isa = PBXGroup;
			children = (
				90E73A281C55ADE300C07A1E /* CollectManager */,
				90E73A091C55ADAB00C07A1E /* DataManager */,
			);
			name = Collector;
			sourceTree = "<group>";
		};
/* End PBXGroup section */

/* Begin PBXNativeTarget section */
		90EE2D721C4E05E500C5A64D /* DataMining */ = {
			isa = PBXNativeTarget;
			buildConfigurationList = 90EE2D991C4E05E600C5A64D /* Build configuration list for PBXNativeTarget "DataMining" */;
			buildPhases = (
				90EE2D6F1C4E05E500C5A64D /* Sources */,
				90EE2D701C4E05E500C5A64D /* Frameworks */,
				90EE2D711C4E05E500C5A64D /* Resources */,
			);
			buildRules = (
			);
			dependencies = (
			);
			name = DataMining;
			productName = DataMining;
			productReference = 90EE2D731C4E05E500C5A64D /* DataMining.app */;
			productType = "com.apple.product-type.application";
		};
		90EE2D8E1C4E05E600C5A64D /* DataMiningTests */ = {
			isa = PBXNativeTarget;
			buildConfigurationList = 90EE2D9C1C4E05E600C5A64D /* Build configuration list for PBXNativeTarget "DataMiningTests" */;
			buildPhases = (
				90EE2D8B1C4E05E600C5A64D /* Sources */,
				90EE2D8C1C4E05E600C5A64D /* Frameworks */,
				90EE2D8D1C4E05E600C5A64D /* Resources */,
			);
			buildRules = (
			);
			dependencies = (
				90EE2D911C4E05E600C5A64D /* PBXTargetDependency */,
			);
			name = DataMiningTests;
			productName = DataMiningTests;
			productReference = 90EE2D8F1C4E05E600C5A64D /* DataMiningTests.xctest */;
			productType = "com.apple.product-type.bundle.unit-test";
		};
/* End PBXNativeTarget section */

/* Begin PBXProject section */
		90EE2D6B1C4E05E500C5A64D /* Project object */ = {
			isa = PBXProject;
			attributes = {
				CLASSPREFIX = DM;
				LastUpgradeCheck = 0640;
				ORGANIZATIONNAME = SecurityKeeper;
				TargetAttributes = {
					90EE2D721C4E05E500C5A64D = {
						CreatedOnToolsVersion = 6.4;
						SystemCapabilities = {
							com.apple.BackgroundModes = {
								enabled = 1;
							};
							com.apple.HealthKit = {
								enabled = 1;
							};
						};
					};
					90EE2D8E1C4E05E600C5A64D = {
						CreatedOnToolsVersion = 6.4;
						TestTargetID = 90EE2D721C4E05E500C5A64D;
					};
				};
			};
			buildConfigurationList = 90EE2D6E1C4E05E500C5A64D /* Build configuration list for PBXProject "DataMining" */;
			compatibilityVersion = "Xcode 3.2";
			developmentRegion = English;
			hasScannedForEncodings = 0;
			knownRegions = (
				en,
				Base,
			);
			mainGroup = 90EE2D6A1C4E05E500C5A64D;
			productRefGroup = 90EE2D741C4E05E500C5A64D /* Products */;
			projectDirPath = "";
			projectRoot = "";
			targets = (
				90EE2D721C4E05E500C5A64D /* DataMining */,
				90EE2D8E1C4E05E600C5A64D /* DataMiningTests */,
			);
		};
/* End PBXProject section */

/* Begin PBXResourcesBuildPhase section */
		90EE2D711C4E05E500C5A64D /* Resources */ = {
			isa = PBXResourcesBuildPhase;
			buildActionMask = 2147483647;
			files = (
				90EE2D851C4E05E500C5A64D /* Main.storyboard in Resources */,
				90EE2D8A1C4E05E500C5A64D /* LaunchScreen.xib in Resources */,
				90EE2D871C4E05E500C5A64D /* Images.xcassets in Resources */,
			);
			runOnlyForDeploymentPostprocessing = 0;
		};
		90EE2D8D1C4E05E600C5A64D /* Resources */ = {
			isa = PBXResourcesBuildPhase;
			buildActionMask = 2147483647;
			files = (
			);
			runOnlyForDeploymentPostprocessing = 0;
		};
/* End PBXResourcesBuildPhase section */

/* Begin PBXSourcesBuildPhase section */
		90EE2D6F1C4E05E500C5A64D /* Sources */ = {
			isa = PBXSourcesBuildPhase;
			buildActionMask = 2147483647;
			files = (
				90EE2D7C1C4E05E500C5A64D /* AppDelegate.m in Sources */,
				90E73A3C1C55ADE300C07A1E /* HealthWorker.m in Sources */,
				90E73A221C55ADAB00C07A1E /* CoreDataManager.m in Sources */,
				90E73A3B1C55ADE300C07A1E /* CollectDataManager.m in Sources */,
				90E73A3D1C55ADE300C07A1E /* HKHealthStore+AAPLExtensions.m in Sources */,
				90E73A441C55AE7B00C07A1E /* DataStorageManager.m in Sources */,
				90E73A411C55ADE300C07A1E /* TouchWorker.m in Sources */,
				90EE2D791C4E05E500C5A64D /* main.m in Sources */,
				90EE2D821C4E05E500C5A64D /* ViewController.m in Sources */,
				90E73A401C55ADE300C07A1E /* DPApplication.m in Sources */,
				90E73A231C55ADAB00C07A1E /* DeviceMotion.m in Sources */,
				90E73A211C55ADAB00C07A1E /* Accelerometer.m in Sources */,
				90E73A3F1C55ADE300C07A1E /* MotionWorker.m in Sources */,
				90EE2D7F1C4E05E500C5A64D /* DataMining.xcdatamodeld in Sources */,
				90E73A251C55ADAB00C07A1E /* Location.m in Sources */,
				90E73A261C55ADAB00C07A1E /* Touch.m in Sources */,
				90E73A3E1C55ADE300C07A1E /* LocationWorker.m in Sources */,
				90E73A241C55ADAB00C07A1E /* Health.m in Sources */,
				90E73A271C55ADAB00C07A1E /* FileManager.m in Sources */,
			);
			runOnlyForDeploymentPostprocessing = 0;
		};
		90EE2D8B1C4E05E600C5A64D /* Sources */ = {
			isa = PBXSourcesBuildPhase;
			buildActionMask = 2147483647;
			files = (
				90EE2D961C4E05E600C5A64D /* DataMiningTests.m in Sources */,
			);
			runOnlyForDeploymentPostprocessing = 0;
		};
/* End PBXSourcesBuildPhase section */

/* Begin PBXTargetDependency section */
		90EE2D911C4E05E600C5A64D /* PBXTargetDependency */ = {
			isa = PBXTargetDependency;
			target = 90EE2D721C4E05E500C5A64D /* DataMining */;
			targetProxy = 90EE2D901C4E05E600C5A64D /* PBXContainerItemProxy */;
		};
/* End PBXTargetDependency section */

/* Begin PBXVariantGroup section */
		90EE2D831C4E05E500C5A64D /* Main.storyboard */ = {
			isa = PBXVariantGroup;
			children = (
				90EE2D841C4E05E500C5A64D /* Base */,
			);
			name = Main.storyboard;
			sourceTree = "<group>";
		};
		90EE2D881C4E05E500C5A64D /* LaunchScreen.xib */ = {
			isa = PBXVariantGroup;
			children = (
				90EE2D891C4E05E500C5A64D /* Base */,
			);
			name = LaunchScreen.xib;
			sourceTree = "<group>";
		};
/* End PBXVariantGroup section */

/* Begin XCBuildConfiguration section */
		90EE2D971C4E05E600C5A64D /* Debug */ = {
			isa = XCBuildConfiguration;
			buildSettings = {
				ALWAYS_SEARCH_USER_PATHS = NO;
				CLANG_CXX_LANGUAGE_STANDARD = "gnu++0x";
				CLANG_CXX_LIBRARY = "libc++";
				CLANG_ENABLE_MODULES = YES;
				CLANG_ENABLE_OBJC_ARC = YES;
				CLANG_WARN_BOOL_CONVERSION = YES;
				CLANG_WARN_CONSTANT_CONVERSION = YES;
				CLANG_WARN_DIRECT_OBJC_ISA_USAGE = YES_ERROR;
				CLANG_WARN_EMPTY_BODY = YES;
				CLANG_WARN_ENUM_CONVERSION = YES;
				CLANG_WARN_INT_CONVERSION = YES;
				CLANG_WARN_OBJC_ROOT_CLASS = YES_ERROR;
				CLANG_WARN_UNREACHABLE_CODE = YES;
				CLANG_WARN__DUPLICATE_METHOD_MATCH = YES;
				"CODE_SIGN_IDENTITY[sdk=iphoneos*]" = "iPhone Developer";
				COPY_PHASE_STRIP = NO;
				DEBUG_INFORMATION_FORMAT = "dwarf-with-dsym";
				ENABLE_STRICT_OBJC_MSGSEND = YES;
				GCC_C_LANGUAGE_STANDARD = gnu99;
				GCC_DYNAMIC_NO_PIC = NO;
				GCC_NO_COMMON_BLOCKS = YES;
				GCC_OPTIMIZATION_LEVEL = 0;
				GCC_PREPROCESSOR_DEFINITIONS = (
					"DEBUG=1",
					"$(inherited)",
				);
				GCC_SYMBOLS_PRIVATE_EXTERN = NO;
				GCC_WARN_64_TO_32_BIT_CONVERSION = YES;
				GCC_WARN_ABOUT_RETURN_TYPE = YES_ERROR;
				GCC_WARN_UNDECLARED_SELECTOR = YES;
				GCC_WARN_UNINITIALIZED_AUTOS = YES_AGGRESSIVE;
				GCC_WARN_UNUSED_FUNCTION = YES;
				GCC_WARN_UNUSED_VARIABLE = YES;
				IPHONEOS_DEPLOYMENT_TARGET = 8.4;
				MTL_ENABLE_DEBUG_INFO = YES;
				ONLY_ACTIVE_ARCH = YES;
				SDKROOT = iphoneos;
			};
			name = Debug;
		};
		90EE2D981C4E05E600C5A64D /* Release */ = {
			isa = XCBuildConfiguration;
			buildSettings = {
				ALWAYS_SEARCH_USER_PATHS = NO;
				CLANG_CXX_LANGUAGE_STANDARD = "gnu++0x";
				CLANG_CXX_LIBRARY = "libc++";
				CLANG_ENABLE_MODULES = YES;
				CLANG_ENABLE_OBJC_ARC = YES;
				CLANG_WARN_BOOL_CONVERSION = YES;
				CLANG_WARN_CONSTANT_CONVERSION = YES;
				CLANG_WARN_DIRECT_OBJC_ISA_USAGE = YES_ERROR;
				CLANG_WARN_EMPTY_BODY = YES;
				CLANG_WARN_ENUM_CONVERSION = YES;
				CLANG_WARN_INT_CONVERSION = YES;
				CLANG_WARN_OBJC_ROOT_CLASS = YES_ERROR;
				CLANG_WARN_UNREACHABLE_CODE = YES;
				CLANG_WARN__DUPLICATE_METHOD_MATCH = YES;
				"CODE_SIGN_IDENTITY[sdk=iphoneos*]" = "iPhone Developer";
				COPY_PHASE_STRIP = NO;
				DEBUG_INFORMATION_FORMAT = "dwarf-with-dsym";
				ENABLE_NS_ASSERTIONS = NO;
				ENABLE_STRICT_OBJC_MSGSEND = YES;
				GCC_C_LANGUAGE_STANDARD = gnu99;
				GCC_NO_COMMON_BLOCKS = YES;
				GCC_WARN_64_TO_32_BIT_CONVERSION = YES;
				GCC_WARN_ABOUT_RETURN_TYPE = YES_ERROR;
				GCC_WARN_UNDECLARED_SELECTOR = YES;
				GCC_WARN_UNINITIALIZED_AUTOS = YES_AGGRESSIVE;
				GCC_WARN_UNUSED_FUNCTION = YES;
				GCC_WARN_UNUSED_VARIABLE = YES;
				IPHONEOS_DEPLOYMENT_TARGET = 8.4;
				MTL_ENABLE_DEBUG_INFO = NO;
				SDKROOT = iphoneos;
				VALIDATE_PRODUCT = YES;
			};
			name = Release;
		};
		90EE2D9A1C4E05E600C5A64D /* Debug */ = {
			isa = XCBuildConfiguration;
			buildSettings = {
				ASSETCATALOG_COMPILER_APPICON_NAME = AppIcon;
				CODE_SIGN_ENTITLEMENTS = DataMining/DataMining.entitlements;
				CODE_SIGN_IDENTITY = "iPhone Developer";
				"CODE_SIGN_IDENTITY[sdk=iphoneos*]" = "iPhone Developer";
				FRAMEWORK_SEARCH_PATHS = (
					"$(inherited)",
					"$(PROJECT_DIR)/DataMining",
				);
				INFOPLIST_FILE = DataMining/Info.plist;
				IPHONEOS_DEPLOYMENT_TARGET = 6.0;
				LD_RUNPATH_SEARCH_PATHS = "$(inherited) @executable_path/Frameworks";
				PRODUCT_NAME = "$(TARGET_NAME)";
				PROVISIONING_PROFILE = "";
			};
			name = Debug;
		};
		90EE2D9B1C4E05E600C5A64D /* Release */ = {
			isa = XCBuildConfiguration;
			buildSettings = {
				ASSETCATALOG_COMPILER_APPICON_NAME = AppIcon;
				CODE_SIGN_ENTITLEMENTS = DataMining/DataMining.entitlements;
				CODE_SIGN_IDENTITY = "iPhone Developer";
				"CODE_SIGN_IDENTITY[sdk=iphoneos*]" = "iPhone Developer";
				FRAMEWORK_SEARCH_PATHS = (
					"$(inherited)",
					"$(PROJECT_DIR)/DataMining",
				);
				INFOPLIST_FILE = DataMining/Info.plist;
				IPHONEOS_DEPLOYMENT_TARGET = 6.0;
				LD_RUNPATH_SEARCH_PATHS = "$(inherited) @executable_path/Frameworks";
				PRODUCT_NAME = "$(TARGET_NAME)";
				PROVISIONING_PROFILE = "";
			};
			name = Release;
		};
		90EE2D9D1C4E05E600C5A64D /* Debug */ = {
			isa = XCBuildConfiguration;
			buildSettings = {
				BUNDLE_LOADER = "$(TEST_HOST)";
				FRAMEWORK_SEARCH_PATHS = (
					"$(SDKROOT)/Developer/Library/Frameworks",
					"$(inherited)",
				);
				GCC_PREPROCESSOR_DEFINITIONS = (
					"DEBUG=1",
					"$(inherited)",
				);
				INFOPLIST_FILE = DataMiningTests/Info.plist;
				LD_RUNPATH_SEARCH_PATHS = "$(inherited) @executable_path/Frameworks @loader_path/Frameworks";
				PRODUCT_NAME = "$(TARGET_NAME)";
				TEST_HOST = "$(BUILT_PRODUCTS_DIR)/DataMining.app/DataMining";
			};
			name = Debug;
		};
		90EE2D9E1C4E05E600C5A64D /* Release */ = {
			isa = XCBuildConfiguration;
			buildSettings = {
				BUNDLE_LOADER = "$(TEST_HOST)";
				FRAMEWORK_SEARCH_PATHS = (
					"$(SDKROOT)/Developer/Library/Frameworks",
					"$(inherited)",
				);
				INFOPLIST_FILE = DataMiningTests/Info.plist;
				LD_RUNPATH_SEARCH_PATHS = "$(inherited) @executable_path/Frameworks @loader_path/Frameworks";
				PRODUCT_NAME = "$(TARGET_NAME)";
				TEST_HOST = "$(BUILT_PRODUCTS_DIR)/DataMining.app/DataMining";
			};
			name = Release;
		};
/* End XCBuildConfiguration section */

/* Begin XCConfigurationList section */
		90EE2D6E1C4E05E500C5A64D /* Build configuration list for PBXProject "DataMining" */ = {
			isa = XCConfigurationList;
			buildConfigurations = (
				90EE2D971C4E05E600C5A64D /* Debug */,
				90EE2D981C4E05E600C5A64D /* Release */,
			);
			defaultConfigurationIsVisible = 0;
			defaultConfigurationName = Release;
		};
		90EE2D991C4E05E600C5A64D /* Build configuration list for PBXNativeTarget "DataMining" */ = {
			isa = XCConfigurationList;
			buildConfigurations = (
				90EE2D9A1C4E05E600C5A64D /* Debug */,
				90EE2D9B1C4E05E600C5A64D /* Release */,
			);
			defaultConfigurationIsVisible = 0;
			defaultConfigurationName = Release;
		};
		90EE2D9C1C4E05E600C5A64D /* Build configuration list for PBXNativeTarget "DataMiningTests" */ = {
			isa = XCConfigurationList;
			buildConfigurations = (
				90EE2D9D1C4E05E600C5A64D /* Debug */,
				90EE2D9E1C4E05E600C5A64D /* Release */,
			);
			defaultConfigurationIsVisible = 0;
			defaultConfigurationName = Release;
		};
/* End XCConfigurationList section */

/* Begin XCVersionGroup section */
		90EE2D7D1C4E05E500C5A64D /* DataMining.xcdatamodeld */ = {
			isa = XCVersionGroup;
			children = (
				90EE2D7E1C4E05E500C5A64D /* DataMining.xcdatamodel */,
			);
			currentVersion = 90EE2D7E1C4E05E500C5A64D /* DataMining.xcdatamodel */;
			path = DataMining.xcdatamodeld;
			sourceTree = "<group>";
			versionGroupType = wrapper.xcdatamodel;
		};
/* End XCVersionGroup section */
	};
	rootObject = 90EE2D6B1C4E05E500C5A64D /* Project object */;
}
